
Microsoft Visual Studio Solution File, Format Version 12.00
# Visual Studio Version 17
VisualStudioVersion = 17.0.31903.59
MinimumVisualStudioVersion = 10.0.40219.1
Project("{FAE04EC0-301F-11D3-BF4B-00C04F79EFBC}") = "API", "API\API.csproj", "{9660619C-0367-4532-9E39-49EB8E860113}"
EndProject
Project("{FAE04EC0-301F-11D3-BF4B-00C04F79EFBC}") = "Application", "Application\Application.csproj", "{78C614C4-031B-4C72-92CC-5BA57D26CB0E}"
EndProject
Project("{FAE04EC0-301F-11D3-BF4B-00C04F79EFBC}") = "Domain", "Domain\Domain.csproj", "{17D8D517-BEED-4B42-8853-EDC5DA4E32E5}"
EndProject
Project("{FAE04EC0-301F-11D3-BF4B-00C04F79EFBC}") = "Persistence", "Persistence\Persistence.csproj", "{3C7766FB-FB00-4D42-90F7-00D88F2C12B7}"
EndProject
Global
	GlobalSection(SolutionConfigurationPlatforms) = preSolution
		Debug|Any CPU = Debug|Any CPU
		Debug|x64 = Debug|x64
		Debug|x86 = Debug|x86
		Release|Any CPU = Release|Any CPU
		Release|x64 = Release|x64
		Release|x86 = Release|x86
	EndGlobalSection
	GlobalSection(ProjectConfigurationPlatforms) = postSolution
		{9660619C-0367-4532-9E39-49EB8E860113}.Debug|Any CPU.ActiveCfg = Debug|Any CPU
		{9660619C-0367-4532-9E39-49EB8E860113}.Debug|Any CPU.Build.0 = Debug|Any CPU
		{9660619C-0367-4532-9E39-49EB8E860113}.Debug|x64.ActiveCfg = Debug|Any CPU
		{9660619C-0367-4532-9E39-49EB8E860113}.Debug|x64.Build.0 = Debug|Any CPU
		{9660619C-0367-4532-9E39-49EB8E860113}.Debug|x86.ActiveCfg = Debug|Any CPU
		{9660619C-0367-4532-9E39-49EB8E860113}.Debug|x86.Build.0 = Debug|Any CPU
		{9660619C-0367-4532-9E39-49EB8E860113}.Release|Any CPU.ActiveCfg = Release|Any CPU
		{9660619C-0367-4532-9E39-49EB8E860113}.Release|Any CPU.Build.0 = Release|Any CPU
		{9660619C-0367-4532-9E39-49EB8E860113}.Release|x64.ActiveCfg = Release|Any CPU
		{9660619C-0367-4532-9E39-49EB8E860113}.Release|x64.Build.0 = Release|Any CPU
		{9660619C-0367-4532-9E39-49EB8E860113}.Release|x86.ActiveCfg = Release|Any CPU
		{9660619C-0367-4532-9E39-49EB8E860113}.Release|x86.Build.0 = Release|Any CPU
		{78C614C4-031B-4C72-92CC-5BA57D26CB0E}.Debug|Any CPU.ActiveCfg = Debug|Any CPU
		{78C614C4-031B-4C72-92CC-5BA57D26CB0E}.Debug|Any CPU.Build.0 = Debug|Any CPU
		{78C614C4-031B-4C72-92CC-5BA57D26CB0E}.Debug|x64.ActiveCfg = Debug|Any CPU
		{78C614C4-031B-4C72-92CC-5BA57D26CB0E}.Debug|x64.Build.0 = Debug|Any CPU
		{78C614C4-031B-4C72-92CC-5BA57D26CB0E}.Debug|x86.ActiveCfg = Debug|Any CPU
		{78C614C4-031B-4C72-92CC-5BA57D26CB0E}.Debug|x86.Build.0 = Debug|Any CPU
		{78C614C4-031B-4C72-92CC-5BA57D26CB0E}.Release|Any CPU.ActiveCfg = Release|Any CPU
		{78C614C4-031B-4C72-92CC-5BA57D26CB0E}.Release|Any CPU.Build.0 = Release|Any CPU
		{78C614C4-031B-4C72-92CC-5BA57D26CB0E}.Release|x64.ActiveCfg = Release|Any CPU
		{78C614C4-031B-4C72-92CC-5BA57D26CB0E}.Release|x64.Build.0 = Release|Any CPU
		{78C614C4-031B-4C72-92CC-5BA57D26CB0E}.Release|x86.ActiveCfg = Release|Any CPU
		{78C614C4-031B-4C72-92CC-5BA57D26CB0E}.Release|x86.Build.0 = Release|Any CPU
		{17D8D517-BEED-4B42-8853-EDC5DA4E32E5}.Debug|Any CPU.ActiveCfg = Debug|Any CPU
		{17D8D517-BEED-4B42-8853-EDC5DA4E32E5}.Debug|Any CPU.Build.0 = Debug|Any CPU
		{17D8D517-BEED-4B42-8853-EDC5DA4E32E5}.Debug|x64.ActiveCfg = Debug|Any CPU
		{17D8D517-BEED-4B42-8853-EDC5DA4E32E5}.Debug|x64.Build.0 = Debug|Any CPU
		{17D8D517-BEED-4B42-8853-EDC5DA4E32E5}.Debug|x86.ActiveCfg = Debug|Any CPU
		{17D8D517-BEED-4B42-8853-EDC5DA4E32E5}.Debug|x86.Build.0 = Debug|Any CPU
		{17D8D517-BEED-4B42-8853-EDC5DA4E32E5}.Release|Any CPU.ActiveCfg = Release|Any CPU
		{17D8D517-BEED-4B42-8853-EDC5DA4E32E5}.Release|Any CPU.Build.0 = Release|Any CPU
		{17D8D517-BEED-4B42-8853-EDC5DA4E32E5}.Release|x64.ActiveCfg = Release|Any CPU
		{17D8D517-BEED-4B42-8853-EDC5DA4E32E5}.Release|x64.Build.0 = Release|Any CPU
		{17D8D517-BEED-4B42-8853-EDC5DA4E32E5}.Release|x86.ActiveCfg = Release|Any CPU
		{17D8D517-BEED-4B42-8853-EDC5DA4E32E5}.Release|x86.Build.0 = Release|Any CPU
		{3C7766FB-FB00-4D42-90F7-00D88F2C12B7}.Debug|Any CPU.ActiveCfg = Debug|Any CPU
		{3C7766FB-FB00-4D42-90F7-00D88F2C12B7}.Debug|Any CPU.Build.0 = Debug|Any CPU
		{3C7766FB-FB00-4D42-90F7-00D88F2C12B7}.Debug|x64.ActiveCfg = Debug|Any CPU
		{3C7766FB-FB00-4D42-90F7-00D88F2C12B7}.Debug|x64.Build.0 = Debug|Any CPU
		{3C7766FB-FB00-4D42-90F7-00D88F2C12B7}.Debug|x86.ActiveCfg = Debug|Any CPU
		{3C7766FB-FB00-4D42-90F7-00D88F2C12B7}.Debug|x86.Build.0 = Debug|Any CPU
		{3C7766FB-FB00-4D42-90F7-00D88F2C12B7}.Release|Any CPU.ActiveCfg = Release|Any CPU
		{3C7766FB-FB00-4D42-90F7-00D88F2C12B7}.Release|Any CPU.Build.0 = Release|Any CPU
		{3C7766FB-FB00-4D42-90F7-00D88F2C12B7}.Release|x64.ActiveCfg = Release|Any CPU
		{3C7766FB-FB00-4D42-90F7-00D88F2C12B7}.Release|x64.Build.0 = Release|Any CPU
		{3C7766FB-FB00-4D42-90F7-00D88F2C12B7}.Release|x86.ActiveCfg = Release|Any CPU
		{3C7766FB-FB00-4D42-90F7-00D88F2C12B7}.Release|x86.Build.0 = Release|Any CPU
	EndGlobalSection
	GlobalSection(SolutionProperties) = preSolution
		HideSolutionNode = FALSE
	EndGlobalSection
EndGlobal
